
Microsoft Visual Studio Solution File, Format Version 12.00
# Visual Studio Version 17
VisualStudioVersion = 17.4.33205.214
MinimumVisualStudioVersion = 10.0.40219.1
Project("{9A19103F-16F7-4668-BE54-9A1E7A4F7556}") = "Application", "Application\Application.csproj", "{4CA3C7A4-5A52-4510-B3C1-09A1837B5B33}"
EndProject
Project("{9A19103F-16F7-4668-BE54-9A1E7A4F7556}") = "Domain", "Domain\Domain.csproj", "{44AA720D-A9C5-434F-86AE-163B5C7FFE7B}"
EndProject
Project("{9A19103F-16F7-4668-BE54-9A1E7A4F7556}") = "Persistence", "Persistence\Persistence.csproj", "{30688AB1-FCCA-45DC-A9BA-49A96946013F}"
EndProject
Project("{9A19103F-16F7-4668-BE54-9A1E7A4F7556}") = "API", "API\API.csproj", "{5BAE6B48-A6A9-4484-9B4E-9AEFD8E06971}"
EndProject
Project("{FAE04EC0-301F-11D3-BF4B-00C04F79EFBC}") = "Infrastructure", "Infrastructure\Infrastructure.csproj", "{F27AC4A9-27AE-4747-92DB-11E8000CF4D8}"
EndProject
Global
	GlobalSection(SolutionConfigurationPlatforms) = preSolution
		Debug|Any CPU = Debug|Any CPU
		Release|Any CPU = Release|Any CPU
	EndGlobalSection
	GlobalSection(ProjectConfigurationPlatforms) = postSolution
		{4CA3C7A4-5A52-4510-B3C1-09A1837B5B33}.Debug|Any CPU.ActiveCfg = Debug|Any CPU
		{4CA3C7A4-5A52-4510-B3C1-09A1837B5B33}.Debug|Any CPU.Build.0 = Debug|Any CPU
		{4CA3C7A4-5A52-4510-B3C1-09A1837B5B33}.Release|Any CPU.ActiveCfg = Release|Any CPU
		{4CA3C7A4-5A52-4510-B3C1-09A1837B5B33}.Release|Any CPU.Build.0 = Release|Any CPU
		{44AA720D-A9C5-434F-86AE-163B5C7FFE7B}.Debug|Any CPU.ActiveCfg = Debug|Any CPU
		{44AA720D-A9C5-434F-86AE-163B5C7FFE7B}.Debug|Any CPU.Build.0 = Debug|Any CPU
		{44AA720D-A9C5-434F-86AE-163B5C7FFE7B}.Release|Any CPU.ActiveCfg = Release|Any CPU
		{44AA720D-A9C5-434F-86AE-163B5C7FFE7B}.Release|Any CPU.Build.0 = Release|Any CPU
		{30688AB1-FCCA-45DC-A9BA-49A96946013F}.Debug|Any CPU.ActiveCfg = Debug|Any CPU
		{30688AB1-FCCA-45DC-A9BA-49A96946013F}.Debug|Any CPU.Build.0 = Debug|Any CPU
		{30688AB1-FCCA-45DC-A9BA-49A96946013F}.Release|Any CPU.ActiveCfg = Release|Any CPU
		{30688AB1-FCCA-45DC-A9BA-49A96946013F}.Release|Any CPU.Build.0 = Release|Any CPU
		{5BAE6B48-A6A9-4484-9B4E-9AEFD8E06971}.Debug|Any CPU.ActiveCfg = Debug|Any CPU
		{5BAE6B48-A6A9-4484-9B4E-9AEFD8E06971}.Debug|Any CPU.Build.0 = Debug|Any CPU
		{5BAE6B48-A6A9-4484-9B4E-9AEFD8E06971}.Release|Any CPU.ActiveCfg = Release|Any CPU
		{5BAE6B48-A6A9-4484-9B4E-9AEFD8E06971}.Release|Any CPU.Build.0 = Release|Any CPU
		{F27AC4A9-27AE-4747-92DB-11E8000CF4D8}.Debug|Any CPU.ActiveCfg = Debug|Any CPU
		{F27AC4A9-27AE-4747-92DB-11E8000CF4D8}.Debug|Any CPU.Build.0 = Debug|Any CPU
		{F27AC4A9-27AE-4747-92DB-11E8000CF4D8}.Release|Any CPU.ActiveCfg = Release|Any CPU
		{F27AC4A9-27AE-4747-92DB-11E8000CF4D8}.Release|Any CPU.Build.0 = Release|Any CPU
	EndGlobalSection
	GlobalSection(SolutionProperties) = preSolution
		HideSolutionNode = FALSE
	EndGlobalSection
	GlobalSection(ExtensibilityGlobals) = postSolution
		SolutionGuid = {9846557D-DB9B-48C4-81B3-A151145C1BB6}
	EndGlobalSection
EndGlobal
